// !$*UTF8*$!
{
	archiveVersion = 1;
	classes = {
	};
	objectVersion = 55;
	objects = {

/* Begin PBXBuildFile section */
		337783CE2913F87000CE620C /* FavoriteGIFUseCase.swift in Sources */ = {isa = PBXBuildFile; fileRef = 337783B82913F86F00CE620C /* FavoriteGIFUseCase.swift */; };
		337783CF2913F87000CE620C /* QueryHistoryUseCase.swift in Sources */ = {isa = PBXBuildFile; fileRef = 337783B92913F86F00CE620C /* QueryHistoryUseCase.swift */; };
		337783D02913F87000CE620C /* GIFSearchUseCase.swift in Sources */ = {isa = PBXBuildFile; fileRef = 337783BA2913F86F00CE620C /* GIFSearchUseCase.swift */; };
		337783D22913F87000CE620C /* GIF.swift in Sources */ = {isa = PBXBuildFile; fileRef = 337783BD2913F87000CE620C /* GIF.swift */; };
		337783D32913F87000CE620C /* User.swift in Sources */ = {isa = PBXBuildFile; fileRef = 337783BE2913F87000CE620C /* User.swift */; };
		337783D42913F87000CE620C /* GIFType.swift in Sources */ = {isa = PBXBuildFile; fileRef = 337783BF2913F87000CE620C /* GIFType.swift */; };
		337783D52913F87000CE620C /* GIFBundle.swift in Sources */ = {isa = PBXBuildFile; fileRef = 337783C02913F87000CE620C /* GIFBundle.swift */; };
		337783D92913F87000CE620C /* GIFRepository.swift in Sources */ = {isa = PBXBuildFile; fileRef = 337783C52913F87000CE620C /* GIFRepository.swift */; };
		337783DA2913F87000CE620C /* QueryHistoryRepository.swift in Sources */ = {isa = PBXBuildFile; fileRef = 337783C62913F87000CE620C /* QueryHistoryRepository.swift */; };
		337783DB2913F87000CE620C /* FavoriteGIFRepository.swift in Sources */ = {isa = PBXBuildFile; fileRef = 337783C72913F87000CE620C /* FavoriteGIFRepository.swift */; };
		337784082913F99B00CE620C /* DefaultFavoriteGIFRepository.swift in Sources */ = {isa = PBXBuildFile; fileRef = 337783E12913F99B00CE620C /* DefaultFavoriteGIFRepository.swift */; };
		337784092913F99B00CE620C /* DefaultQueryHistoryRepository.swift in Sources */ = {isa = PBXBuildFile; fileRef = 337783E22913F99B00CE620C /* DefaultQueryHistoryRepository.swift */; };
		3377840A2913F99B00CE620C /* DefaultGIFRepository.swift in Sources */ = {isa = PBXBuildFile; fileRef = 337783E32913F99B00CE620C /* DefaultGIFRepository.swift */; };
		3377840B2913F99B00CE620C /* GIFSearchResponseDTO+Mapping.swift in Sources */ = {isa = PBXBuildFile; fileRef = 337783E62913F99B00CE620C /* GIFSearchResponseDTO+Mapping.swift */; };
		3377840C2913F99B00CE620C /* GIFSearchResponseDTO.swift in Sources */ = {isa = PBXBuildFile; fileRef = 337783E72913F99B00CE620C /* GIFSearchResponseDTO.swift */; };
		3377840D2913F99B00CE620C /* GIFSearchEndpoint.swift in Sources */ = {isa = PBXBuildFile; fileRef = 337783E92913F99B00CE620C /* GIFSearchEndpoint.swift */; };
		3377840E2913F99B00CE620C /* GiphyAPIEndpoint.swift in Sources */ = {isa = PBXBuildFile; fileRef = 337783EB2913F99B00CE620C /* GiphyAPIEndpoint.swift */; };
		3377840F2913F99B00CE620C /* DefaultNetworkProvider.swift in Sources */ = {isa = PBXBuildFile; fileRef = 337783ED2913F99B00CE620C /* DefaultNetworkProvider.swift */; };
		337784102913F99B00CE620C /* HTTPMethod.swift in Sources */ = {isa = PBXBuildFile; fileRef = 337783EE2913F99B00CE620C /* HTTPMethod.swift */; };
		337784112913F99B00CE620C /* NetworkProvider.swift in Sources */ = {isa = PBXBuildFile; fileRef = 337783EF2913F99B00CE620C /* NetworkProvider.swift */; };
		337784122913F99B00CE620C /* Cancellable.swift in Sources */ = {isa = PBXBuildFile; fileRef = 337783F02913F99B00CE620C /* Cancellable.swift */; };
		337784132913F99B00CE620C /* DefaultNetworkProvider+Rx.swift in Sources */ = {isa = PBXBuildFile; fileRef = 337783F12913F99B00CE620C /* DefaultNetworkProvider+Rx.swift */; };
		337784142913F99B00CE620C /* APIEndpoint.swift in Sources */ = {isa = PBXBuildFile; fileRef = 337783F22913F99B00CE620C /* APIEndpoint.swift */; };
		337784152913F99B00CE620C /* NetworkError.swift in Sources */ = {isa = PBXBuildFile; fileRef = 337783F32913F99B00CE620C /* NetworkError.swift */; };
		337784162913F99B00CE620C /* CoreDataError.swift in Sources */ = {isa = PBXBuildFile; fileRef = 337783F62913F99B00CE620C /* CoreDataError.swift */; };
		337784182913F99B00CE620C /* CoreDataProvider.swift in Sources */ = {isa = PBXBuildFile; fileRef = 337783F92913F99B00CE620C /* CoreDataProvider.swift */; };
		337784192913F99B00CE620C /* CoreDataFavoriteStorage.swift in Sources */ = {isa = PBXBuildFile; fileRef = 337783FB2913F99B00CE620C /* CoreDataFavoriteStorage.swift */; };
		3377841A2913F99B00CE620C /* FavoriteStorage.swift in Sources */ = {isa = PBXBuildFile; fileRef = 337783FC2913F99B00CE620C /* FavoriteStorage.swift */; };
		3377841B2913F99B00CE620C /* Favorite+CoreDataProperties.swift in Sources */ = {isa = PBXBuildFile; fileRef = 337783FE2913F99B00CE620C /* Favorite+CoreDataProperties.swift */; };
		3377841C2913F99B00CE620C /* Favorite+CoreDataClass.swift in Sources */ = {isa = PBXBuildFile; fileRef = 337783FF2913F99B00CE620C /* Favorite+CoreDataClass.swift */; };
		3377841D2913F99B00CE620C /* Query+CoreDataProperties.swift in Sources */ = {isa = PBXBuildFile; fileRef = 337784022913F99B00CE620C /* Query+CoreDataProperties.swift */; };
		3377841E2913F99B00CE620C /* Query+CoreDataClass.swift in Sources */ = {isa = PBXBuildFile; fileRef = 337784032913F99B00CE620C /* Query+CoreDataClass.swift */; };
		337784202913F99B00CE620C /* CoreDataQueryHistoryStorage.swift in Sources */ = {isa = PBXBuildFile; fileRef = 337784062913F99B00CE620C /* CoreDataQueryHistoryStorage.swift */; };
		337784212913F99B00CE620C /* QueryHistoryStorage.swift in Sources */ = {isa = PBXBuildFile; fileRef = 337784072913F99B00CE620C /* QueryHistoryStorage.swift */; };
		337784272913FBC800CE620C /* CoreDataModel.xcdatamodeld in Sources */ = {isa = PBXBuildFile; fileRef = 337784252913FBC800CE620C /* CoreDataModel.xcdatamodeld */; };
		3377842C29154F3300CE620C /* SearchViewController.swift in Sources */ = {isa = PBXBuildFile; fileRef = 3377842B29154F3300CE620C /* SearchViewController.swift */; };
		3377842E29188AD800CE620C /* Coordinator.swift in Sources */ = {isa = PBXBuildFile; fileRef = 3377842D29188AD800CE620C /* Coordinator.swift */; };
		3377843029188DF900CE620C /* SearchReactor.swift in Sources */ = {isa = PBXBuildFile; fileRef = 3377842F29188DF900CE620C /* SearchReactor.swift */; };
		3377843429188ECA00CE620C /* PlayerView.swift in Sources */ = {isa = PBXBuildFile; fileRef = 3377843229188ECA00CE620C /* PlayerView.swift */; };
		3377843529188ECA00CE620C /* TitleHeaderView.swift in Sources */ = {isa = PBXBuildFile; fileRef = 3377843329188ECA00CE620C /* TitleHeaderView.swift */; };
		3377843929188FF900CE620C /* GIFItemReactor.swift in Sources */ = {isa = PBXBuildFile; fileRef = 3377843829188FF900CE620C /* GIFItemReactor.swift */; };
		3377843B2918904F00CE620C /* SearchCoordinator.swift in Sources */ = {isa = PBXBuildFile; fileRef = 3377843A2918904F00CE620C /* SearchCoordinator.swift */; };
		337784402919516200CE620C /* UIFont+Extension.swift in Sources */ = {isa = PBXBuildFile; fileRef = 3377843D2919516200CE620C /* UIFont+Extension.swift */; };
		337784412919516200CE620C /* UIColor+Extension.swift in Sources */ = {isa = PBXBuildFile; fileRef = 3377843E2919516200CE620C /* UIColor+Extension.swift */; };
		337784422919516200CE620C /* MediaManager.swift in Sources */ = {isa = PBXBuildFile; fileRef = 3377843F2919516200CE620C /* MediaManager.swift */; };
		337784442919DD6400CE620C /* SearchResultViewController.swift in Sources */ = {isa = PBXBuildFile; fileRef = 337784432919DD6400CE620C /* SearchResultViewController.swift */; };
		337784462919DECE00CE620C /* GIFItemCell.swift in Sources */ = {isa = PBXBuildFile; fileRef = 337784452919DECE00CE620C /* GIFItemCell.swift */; };
		3377844A2919FF7600CE620C /* Colors.xcassets in Resources */ = {isa = PBXBuildFile; fileRef = 337784482919FF7600CE620C /* Colors.xcassets */; };
		3377844B2919FF7600CE620C /* Color.swift in Sources */ = {isa = PBXBuildFile; fileRef = 337784492919FF7600CE620C /* Color.swift */; };
		3377844D291A617100CE620C /* AppCoordinator.swift in Sources */ = {isa = PBXBuildFile; fileRef = 3377844C291A617100CE620C /* AppCoordinator.swift */; };
		3377844F291A87CF00CE620C /* SearchQueryHistoryCell.swift in Sources */ = {isa = PBXBuildFile; fileRef = 3377844E291A87CF00CE620C /* SearchQueryHistoryCell.swift */; };
		3393373028CB5D7E0075A692 /* AppDelegate.swift in Sources */ = {isa = PBXBuildFile; fileRef = 3393372F28CB5D7E0075A692 /* AppDelegate.swift */; };
		3393373228CB5D7E0075A692 /* SceneDelegate.swift in Sources */ = {isa = PBXBuildFile; fileRef = 3393373128CB5D7E0075A692 /* SceneDelegate.swift */; };
		3393373428CB5D7E0075A692 /* ViewController.swift in Sources */ = {isa = PBXBuildFile; fileRef = 3393373328CB5D7E0075A692 /* ViewController.swift */; };
		3393373928CB5D7F0075A692 /* Assets.xcassets in Resources */ = {isa = PBXBuildFile; fileRef = 3393373828CB5D7F0075A692 /* Assets.xcassets */; };
		E80E550E6FCA3464594DBD69 /* Pods_Giphy_Search_ReactorKit.framework in Frameworks */ = {isa = PBXBuildFile; fileRef = 7545B1E7275F99B6D3AC0910 /* Pods_Giphy_Search_ReactorKit.framework */; };
/* End PBXBuildFile section */

/* Begin PBXFileReference section */
		337783B82913F86F00CE620C /* FavoriteGIFUseCase.swift */ = {isa = PBXFileReference; fileEncoding = 4; lastKnownFileType = sourcecode.swift; path = FavoriteGIFUseCase.swift; sourceTree = "<group>"; };
		337783B92913F86F00CE620C /* QueryHistoryUseCase.swift */ = {isa = PBXFileReference; fileEncoding = 4; lastKnownFileType = sourcecode.swift; path = QueryHistoryUseCase.swift; sourceTree = "<group>"; };
		337783BA2913F86F00CE620C /* GIFSearchUseCase.swift */ = {isa = PBXFileReference; fileEncoding = 4; lastKnownFileType = sourcecode.swift; path = GIFSearchUseCase.swift; sourceTree = "<group>"; };
		337783BD2913F87000CE620C /* GIF.swift */ = {isa = PBXFileReference; fileEncoding = 4; lastKnownFileType = sourcecode.swift; path = GIF.swift; sourceTree = "<group>"; };
		337783BE2913F87000CE620C /* User.swift */ = {isa = PBXFileReference; fileEncoding = 4; lastKnownFileType = sourcecode.swift; path = User.swift; sourceTree = "<group>"; };
		337783BF2913F87000CE620C /* GIFType.swift */ = {isa = PBXFileReference; fileEncoding = 4; lastKnownFileType = sourcecode.swift; path = GIFType.swift; sourceTree = "<group>"; };
		337783C02913F87000CE620C /* GIFBundle.swift */ = {isa = PBXFileReference; fileEncoding = 4; lastKnownFileType = sourcecode.swift; path = GIFBundle.swift; sourceTree = "<group>"; };
		337783C52913F87000CE620C /* GIFRepository.swift */ = {isa = PBXFileReference; fileEncoding = 4; lastKnownFileType = sourcecode.swift; path = GIFRepository.swift; sourceTree = "<group>"; };
		337783C62913F87000CE620C /* QueryHistoryRepository.swift */ = {isa = PBXFileReference; fileEncoding = 4; lastKnownFileType = sourcecode.swift; path = QueryHistoryRepository.swift; sourceTree = "<group>"; };
		337783C72913F87000CE620C /* FavoriteGIFRepository.swift */ = {isa = PBXFileReference; fileEncoding = 4; lastKnownFileType = sourcecode.swift; path = FavoriteGIFRepository.swift; sourceTree = "<group>"; };
		337783E12913F99B00CE620C /* DefaultFavoriteGIFRepository.swift */ = {isa = PBXFileReference; fileEncoding = 4; lastKnownFileType = sourcecode.swift; path = DefaultFavoriteGIFRepository.swift; sourceTree = "<group>"; };
		337783E22913F99B00CE620C /* DefaultQueryHistoryRepository.swift */ = {isa = PBXFileReference; fileEncoding = 4; lastKnownFileType = sourcecode.swift; path = DefaultQueryHistoryRepository.swift; sourceTree = "<group>"; };
		337783E32913F99B00CE620C /* DefaultGIFRepository.swift */ = {isa = PBXFileReference; fileEncoding = 4; lastKnownFileType = sourcecode.swift; path = DefaultGIFRepository.swift; sourceTree = "<group>"; };
		337783E62913F99B00CE620C /* GIFSearchResponseDTO+Mapping.swift */ = {isa = PBXFileReference; fileEncoding = 4; lastKnownFileType = sourcecode.swift; path = "GIFSearchResponseDTO+Mapping.swift"; sourceTree = "<group>"; };
		337783E72913F99B00CE620C /* GIFSearchResponseDTO.swift */ = {isa = PBXFileReference; fileEncoding = 4; lastKnownFileType = sourcecode.swift; path = GIFSearchResponseDTO.swift; sourceTree = "<group>"; };
		337783E92913F99B00CE620C /* GIFSearchEndpoint.swift */ = {isa = PBXFileReference; fileEncoding = 4; lastKnownFileType = sourcecode.swift; path = GIFSearchEndpoint.swift; sourceTree = "<group>"; };
		337783EB2913F99B00CE620C /* GiphyAPIEndpoint.swift */ = {isa = PBXFileReference; fileEncoding = 4; lastKnownFileType = sourcecode.swift; path = GiphyAPIEndpoint.swift; sourceTree = "<group>"; };
		337783ED2913F99B00CE620C /* DefaultNetworkProvider.swift */ = {isa = PBXFileReference; fileEncoding = 4; lastKnownFileType = sourcecode.swift; path = DefaultNetworkProvider.swift; sourceTree = "<group>"; };
		337783EE2913F99B00CE620C /* HTTPMethod.swift */ = {isa = PBXFileReference; fileEncoding = 4; lastKnownFileType = sourcecode.swift; path = HTTPMethod.swift; sourceTree = "<group>"; };
		337783EF2913F99B00CE620C /* NetworkProvider.swift */ = {isa = PBXFileReference; fileEncoding = 4; lastKnownFileType = sourcecode.swift; path = NetworkProvider.swift; sourceTree = "<group>"; };
		337783F02913F99B00CE620C /* Cancellable.swift */ = {isa = PBXFileReference; fileEncoding = 4; lastKnownFileType = sourcecode.swift; path = Cancellable.swift; sourceTree = "<group>"; };
		337783F12913F99B00CE620C /* DefaultNetworkProvider+Rx.swift */ = {isa = PBXFileReference; fileEncoding = 4; lastKnownFileType = sourcecode.swift; path = "DefaultNetworkProvider+Rx.swift"; sourceTree = "<group>"; };
		337783F22913F99B00CE620C /* APIEndpoint.swift */ = {isa = PBXFileReference; fileEncoding = 4; lastKnownFileType = sourcecode.swift; path = APIEndpoint.swift; sourceTree = "<group>"; };
		337783F32913F99B00CE620C /* NetworkError.swift */ = {isa = PBXFileReference; fileEncoding = 4; lastKnownFileType = sourcecode.swift; path = NetworkError.swift; sourceTree = "<group>"; };
		337783F62913F99B00CE620C /* CoreDataError.swift */ = {isa = PBXFileReference; fileEncoding = 4; lastKnownFileType = sourcecode.swift; path = CoreDataError.swift; sourceTree = "<group>"; };
		337783F92913F99B00CE620C /* CoreDataProvider.swift */ = {isa = PBXFileReference; fileEncoding = 4; lastKnownFileType = sourcecode.swift; path = CoreDataProvider.swift; sourceTree = "<group>"; };
		337783FB2913F99B00CE620C /* CoreDataFavoriteStorage.swift */ = {isa = PBXFileReference; fileEncoding = 4; lastKnownFileType = sourcecode.swift; path = CoreDataFavoriteStorage.swift; sourceTree = "<group>"; };
		337783FC2913F99B00CE620C /* FavoriteStorage.swift */ = {isa = PBXFileReference; fileEncoding = 4; lastKnownFileType = sourcecode.swift; path = FavoriteStorage.swift; sourceTree = "<group>"; };
		337783FE2913F99B00CE620C /* Favorite+CoreDataProperties.swift */ = {isa = PBXFileReference; fileEncoding = 4; lastKnownFileType = sourcecode.swift; path = "Favorite+CoreDataProperties.swift"; sourceTree = "<group>"; };
		337783FF2913F99B00CE620C /* Favorite+CoreDataClass.swift */ = {isa = PBXFileReference; fileEncoding = 4; lastKnownFileType = sourcecode.swift; path = "Favorite+CoreDataClass.swift"; sourceTree = "<group>"; };
		337784022913F99B00CE620C /* Query+CoreDataProperties.swift */ = {isa = PBXFileReference; fileEncoding = 4; lastKnownFileType = sourcecode.swift; path = "Query+CoreDataProperties.swift"; sourceTree = "<group>"; };
		337784032913F99B00CE620C /* Query+CoreDataClass.swift */ = {isa = PBXFileReference; fileEncoding = 4; lastKnownFileType = sourcecode.swift; path = "Query+CoreDataClass.swift"; sourceTree = "<group>"; };
		337784062913F99B00CE620C /* CoreDataQueryHistoryStorage.swift */ = {isa = PBXFileReference; fileEncoding = 4; lastKnownFileType = sourcecode.swift; path = CoreDataQueryHistoryStorage.swift; sourceTree = "<group>"; };
		337784072913F99B00CE620C /* QueryHistoryStorage.swift */ = {isa = PBXFileReference; fileEncoding = 4; lastKnownFileType = sourcecode.swift; path = QueryHistoryStorage.swift; sourceTree = "<group>"; };
		337784262913FBC800CE620C /* CoreDataModel.xcdatamodel */ = {isa = PBXFileReference; lastKnownFileType = wrapper.xcdatamodel; path = CoreDataModel.xcdatamodel; sourceTree = "<group>"; };
		3377842B29154F3300CE620C /* SearchViewController.swift */ = {isa = PBXFileReference; lastKnownFileType = sourcecode.swift; path = SearchViewController.swift; sourceTree = "<group>"; };
		3377842D29188AD800CE620C /* Coordinator.swift */ = {isa = PBXFileReference; lastKnownFileType = sourcecode.swift; path = Coordinator.swift; sourceTree = "<group>"; };
		3377842F29188DF900CE620C /* SearchReactor.swift */ = {isa = PBXFileReference; lastKnownFileType = sourcecode.swift; path = SearchReactor.swift; sourceTree = "<group>"; };
		3377843229188ECA00CE620C /* PlayerView.swift */ = {isa = PBXFileReference; fileEncoding = 4; lastKnownFileType = sourcecode.swift; path = PlayerView.swift; sourceTree = "<group>"; };
		3377843329188ECA00CE620C /* TitleHeaderView.swift */ = {isa = PBXFileReference; fileEncoding = 4; lastKnownFileType = sourcecode.swift; path = TitleHeaderView.swift; sourceTree = "<group>"; };
		3377843829188FF900CE620C /* GIFItemReactor.swift */ = {isa = PBXFileReference; lastKnownFileType = sourcecode.swift; path = GIFItemReactor.swift; sourceTree = "<group>"; };
		3377843A2918904F00CE620C /* SearchCoordinator.swift */ = {isa = PBXFileReference; lastKnownFileType = sourcecode.swift; path = SearchCoordinator.swift; sourceTree = "<group>"; };
		3377843D2919516200CE620C /* UIFont+Extension.swift */ = {isa = PBXFileReference; fileEncoding = 4; lastKnownFileType = sourcecode.swift; path = "UIFont+Extension.swift"; sourceTree = "<group>"; };
		3377843E2919516200CE620C /* UIColor+Extension.swift */ = {isa = PBXFileReference; fileEncoding = 4; lastKnownFileType = sourcecode.swift; path = "UIColor+Extension.swift"; sourceTree = "<group>"; };
		3377843F2919516200CE620C /* MediaManager.swift */ = {isa = PBXFileReference; fileEncoding = 4; lastKnownFileType = sourcecode.swift; path = MediaManager.swift; sourceTree = "<group>"; };
		337784432919DD6400CE620C /* SearchResultViewController.swift */ = {isa = PBXFileReference; lastKnownFileType = sourcecode.swift; path = SearchResultViewController.swift; sourceTree = "<group>"; };
		337784452919DECE00CE620C /* GIFItemCell.swift */ = {isa = PBXFileReference; lastKnownFileType = sourcecode.swift; path = GIFItemCell.swift; sourceTree = "<group>"; };
		337784482919FF7600CE620C /* Colors.xcassets */ = {isa = PBXFileReference; lastKnownFileType = folder.assetcatalog; path = Colors.xcassets; sourceTree = "<group>"; };
		337784492919FF7600CE620C /* Color.swift */ = {isa = PBXFileReference; fileEncoding = 4; lastKnownFileType = sourcecode.swift; path = Color.swift; sourceTree = "<group>"; };
		3377844C291A617100CE620C /* AppCoordinator.swift */ = {isa = PBXFileReference; lastKnownFileType = sourcecode.swift; path = AppCoordinator.swift; sourceTree = "<group>"; };
		3377844E291A87CF00CE620C /* SearchQueryHistoryCell.swift */ = {isa = PBXFileReference; lastKnownFileType = sourcecode.swift; path = SearchQueryHistoryCell.swift; sourceTree = "<group>"; };
		3393372C28CB5D7E0075A692 /* Giphy_Search_ReactorKit.app */ = {isa = PBXFileReference; explicitFileType = wrapper.application; includeInIndex = 0; path = Giphy_Search_ReactorKit.app; sourceTree = BUILT_PRODUCTS_DIR; };
		3393372F28CB5D7E0075A692 /* AppDelegate.swift */ = {isa = PBXFileReference; lastKnownFileType = sourcecode.swift; path = AppDelegate.swift; sourceTree = "<group>"; };
		3393373128CB5D7E0075A692 /* SceneDelegate.swift */ = {isa = PBXFileReference; lastKnownFileType = sourcecode.swift; path = SceneDelegate.swift; sourceTree = "<group>"; };
		3393373328CB5D7E0075A692 /* ViewController.swift */ = {isa = PBXFileReference; lastKnownFileType = sourcecode.swift; path = ViewController.swift; sourceTree = "<group>"; };
		3393373828CB5D7F0075A692 /* Assets.xcassets */ = {isa = PBXFileReference; lastKnownFileType = folder.assetcatalog; path = Assets.xcassets; sourceTree = "<group>"; };
		3393373D28CB5D7F0075A692 /* Info.plist */ = {isa = PBXFileReference; lastKnownFileType = text.plist.xml; path = Info.plist; sourceTree = "<group>"; };
		39D6E3D76429D251721AE6DE /* Pods-Giphy_Search_ReactorKit.debug.xcconfig */ = {isa = PBXFileReference; includeInIndex = 1; lastKnownFileType = text.xcconfig; name = "Pods-Giphy_Search_ReactorKit.debug.xcconfig"; path = "Target Support Files/Pods-Giphy_Search_ReactorKit/Pods-Giphy_Search_ReactorKit.debug.xcconfig"; sourceTree = "<group>"; };
		7545B1E7275F99B6D3AC0910 /* Pods_Giphy_Search_ReactorKit.framework */ = {isa = PBXFileReference; explicitFileType = wrapper.framework; includeInIndex = 0; path = Pods_Giphy_Search_ReactorKit.framework; sourceTree = BUILT_PRODUCTS_DIR; };
		F0A4178F163428792525CF34 /* Pods-Giphy_Search_ReactorKit.release.xcconfig */ = {isa = PBXFileReference; includeInIndex = 1; lastKnownFileType = text.xcconfig; name = "Pods-Giphy_Search_ReactorKit.release.xcconfig"; path = "Target Support Files/Pods-Giphy_Search_ReactorKit/Pods-Giphy_Search_ReactorKit.release.xcconfig"; sourceTree = "<group>"; };
/* End PBXFileReference section */

/* Begin PBXFrameworksBuildPhase section */
		3393372928CB5D7E0075A692 /* Frameworks */ = {
			isa = PBXFrameworksBuildPhase;
			buildActionMask = 2147483647;
			files = (
				E80E550E6FCA3464594DBD69 /* Pods_Giphy_Search_ReactorKit.framework in Frameworks */,
			);
			runOnlyForDeploymentPostprocessing = 0;
		};
/* End PBXFrameworksBuildPhase section */

/* Begin PBXGroup section */
		009AEDF23F2E90CDBF469179 /* Pods */ = {
			isa = PBXGroup;
			children = (
				39D6E3D76429D251721AE6DE /* Pods-Giphy_Search_ReactorKit.debug.xcconfig */,
				F0A4178F163428792525CF34 /* Pods-Giphy_Search_ReactorKit.release.xcconfig */,
			);
			path = Pods;
			sourceTree = "<group>";
		};
		337783B72913F86F00CE620C /* UseCase */ = {
			isa = PBXGroup;
			children = (
				337783B82913F86F00CE620C /* FavoriteGIFUseCase.swift */,
				337783B92913F86F00CE620C /* QueryHistoryUseCase.swift */,
				337783BA2913F86F00CE620C /* GIFSearchUseCase.swift */,
			);
			path = UseCase;
			sourceTree = "<group>";
		};
		337783BC2913F87000CE620C /* Model */ = {
			isa = PBXGroup;
			children = (
				337783BD2913F87000CE620C /* GIF.swift */,
				337783BE2913F87000CE620C /* User.swift */,
				337783BF2913F87000CE620C /* GIFType.swift */,
				337783C02913F87000CE620C /* GIFBundle.swift */,
			);
			path = Model;
			sourceTree = "<group>";
		};
		337783C42913F87000CE620C /* RepositoryInterface */ = {
			isa = PBXGroup;
			children = (
				337783C52913F87000CE620C /* GIFRepository.swift */,
				337783C62913F87000CE620C /* QueryHistoryRepository.swift */,
				337783C72913F87000CE620C /* FavoriteGIFRepository.swift */,
			);
			path = RepositoryInterface;
			sourceTree = "<group>";
		};
		337783DF2913F97D00CE620C /* Data */ = {
			isa = PBXGroup;
			children = (
				337783E02913F99B00CE620C /* Repository */,
				337783E42913F99B00CE620C /* Network */,
				337783F42913F99B00CE620C /* Persistence */,
			);
			path = Data;
			sourceTree = "<group>";
		};
		337783E02913F99B00CE620C /* Repository */ = {
			isa = PBXGroup;
			children = (
				337783E12913F99B00CE620C /* DefaultFavoriteGIFRepository.swift */,
				337783E22913F99B00CE620C /* DefaultQueryHistoryRepository.swift */,
				337783E32913F99B00CE620C /* DefaultGIFRepository.swift */,
			);
			path = Repository;
			sourceTree = "<group>";
		};
		337783E42913F99B00CE620C /* Network */ = {
			isa = PBXGroup;
			children = (
				337783E52913F99B00CE620C /* Response */,
				337783E82913F99B00CE620C /* Endpoint */,
				337783EC2913F99B00CE620C /* Infrastructure */,
			);
			path = Network;
			sourceTree = "<group>";
		};
		337783E52913F99B00CE620C /* Response */ = {
			isa = PBXGroup;
			children = (
				337783E62913F99B00CE620C /* GIFSearchResponseDTO+Mapping.swift */,
				337783E72913F99B00CE620C /* GIFSearchResponseDTO.swift */,
			);
			path = Response;
			sourceTree = "<group>";
		};
		337783E82913F99B00CE620C /* Endpoint */ = {
			isa = PBXGroup;
			children = (
				337783E92913F99B00CE620C /* GIFSearchEndpoint.swift */,
				337783EA2913F99B00CE620C /* Protocol */,
			);
			path = Endpoint;
			sourceTree = "<group>";
		};
		337783EA2913F99B00CE620C /* Protocol */ = {
			isa = PBXGroup;
			children = (
				337783EB2913F99B00CE620C /* GiphyAPIEndpoint.swift */,
			);
			path = Protocol;
			sourceTree = "<group>";
		};
		337783EC2913F99B00CE620C /* Infrastructure */ = {
			isa = PBXGroup;
			children = (
				337783ED2913F99B00CE620C /* DefaultNetworkProvider.swift */,
				337783EE2913F99B00CE620C /* HTTPMethod.swift */,
				337783EF2913F99B00CE620C /* NetworkProvider.swift */,
				337783F02913F99B00CE620C /* Cancellable.swift */,
				337783F12913F99B00CE620C /* DefaultNetworkProvider+Rx.swift */,
				337783F22913F99B00CE620C /* APIEndpoint.swift */,
				337783F32913F99B00CE620C /* NetworkError.swift */,
			);
			path = Infrastructure;
			sourceTree = "<group>";
		};
		337783F42913F99B00CE620C /* Persistence */ = {
			isa = PBXGroup;
			children = (
				337783F52913F99B00CE620C /* Infrastructure */,
				337783FA2913F99B00CE620C /* FavoriteStroage */,
				337784002913F99B00CE620C /* QueryHistoryStorage */,
			);
			path = Persistence;
			sourceTree = "<group>";
		};
		337783F52913F99B00CE620C /* Infrastructure */ = {
			isa = PBXGroup;
			children = (
				337784252913FBC800CE620C /* CoreDataModel.xcdatamodeld */,
				337783F62913F99B00CE620C /* CoreDataError.swift */,
				337783F92913F99B00CE620C /* CoreDataProvider.swift */,
			);
			path = Infrastructure;
			sourceTree = "<group>";
		};
		337783FA2913F99B00CE620C /* FavoriteStroage */ = {
			isa = PBXGroup;
			children = (
				337783FB2913F99B00CE620C /* CoreDataFavoriteStorage.swift */,
				337783FC2913F99B00CE620C /* FavoriteStorage.swift */,
				337783FD2913F99B00CE620C /* Entity */,
			);
			path = FavoriteStroage;
			sourceTree = "<group>";
		};
		337783FD2913F99B00CE620C /* Entity */ = {
			isa = PBXGroup;
			children = (
				337783FE2913F99B00CE620C /* Favorite+CoreDataProperties.swift */,
				337783FF2913F99B00CE620C /* Favorite+CoreDataClass.swift */,
			);
			path = Entity;
			sourceTree = "<group>";
		};
		337784002913F99B00CE620C /* QueryHistoryStorage */ = {
			isa = PBXGroup;
			children = (
				337784012913F99B00CE620C /* Entity */,
				337784062913F99B00CE620C /* CoreDataQueryHistoryStorage.swift */,
				337784072913F99B00CE620C /* QueryHistoryStorage.swift */,
			);
			path = QueryHistoryStorage;
			sourceTree = "<group>";
		};
		337784012913F99B00CE620C /* Entity */ = {
			isa = PBXGroup;
			children = (
				337784022913F99B00CE620C /* Query+CoreDataProperties.swift */,
				337784032913F99B00CE620C /* Query+CoreDataClass.swift */,
			);
			path = Entity;
			sourceTree = "<group>";
		};
		337784282914F6F500CE620C /* Scene */ = {
			isa = PBXGroup;
			children = (
				3377842929154E1A00CE620C /* Common */,
				3377842A29154E1F00CE620C /* Search */,
			);
			path = Scene;
			sourceTree = "<group>";
		};
		3377842929154E1A00CE620C /* Common */ = {
			isa = PBXGroup;
			children = (
				3377842D29188AD800CE620C /* Coordinator.swift */,
				3377843129188ECA00CE620C /* View */,
			);
			path = Common;
			sourceTree = "<group>";
		};
		3377842A29154E1F00CE620C /* Search */ = {
			isa = PBXGroup;
			children = (
				3377843A2918904F00CE620C /* SearchCoordinator.swift */,
				3377843629188FBE00CE620C /* Reactor */,
				3377843729188FDF00CE620C /* View */,
			);
			path = Search;
			sourceTree = "<group>";
		};
		3377843129188ECA00CE620C /* View */ = {
			isa = PBXGroup;
			children = (
				3377843229188ECA00CE620C /* PlayerView.swift */,
				3377843329188ECA00CE620C /* TitleHeaderView.swift */,
			);
			path = View;
			sourceTree = "<group>";
		};
		3377843629188FBE00CE620C /* Reactor */ = {
			isa = PBXGroup;
			children = (
				3377842F29188DF900CE620C /* SearchReactor.swift */,
				3377843829188FF900CE620C /* GIFItemReactor.swift */,
			);
			path = Reactor;
			sourceTree = "<group>";
		};
		3377843729188FDF00CE620C /* View */ = {
			isa = PBXGroup;
			children = (
				3377842B29154F3300CE620C /* SearchViewController.swift */,
				337784432919DD6400CE620C /* SearchResultViewController.swift */,
				337784452919DECE00CE620C /* GIFItemCell.swift */,
				3377844E291A87CF00CE620C /* SearchQueryHistoryCell.swift */,
			);
			path = View;
			sourceTree = "<group>";
		};
		3377843C2919516200CE620C /* Utility */ = {
			isa = PBXGroup;
			children = (
				3377843D2919516200CE620C /* UIFont+Extension.swift */,
				3377843E2919516200CE620C /* UIColor+Extension.swift */,
				3377843F2919516200CE620C /* MediaManager.swift */,
			);
			path = Utility;
			sourceTree = "<group>";
		};
		337784472919FF7600CE620C /* Resources */ = {
			isa = PBXGroup;
			children = (
				337784482919FF7600CE620C /* Colors.xcassets */,
				337784492919FF7600CE620C /* Color.swift */,
			);
			path = Resources;
			sourceTree = "<group>";
		};
		3393372328CB5D7E0075A692 = {
			isa = PBXGroup;
			children = (
				3393372E28CB5D7E0075A692 /* Giphy_Search_ReactorKit */,
				3393372D28CB5D7E0075A692 /* Products */,
				009AEDF23F2E90CDBF469179 /* Pods */,
				6DEFAA21929A6B339CAF0231 /* Frameworks */,
			);
			sourceTree = "<group>";
		};
		3393372D28CB5D7E0075A692 /* Products */ = {
			isa = PBXGroup;
			children = (
				3393372C28CB5D7E0075A692 /* Giphy_Search_ReactorKit.app */,
			);
			name = Products;
			sourceTree = "<group>";
		};
		3393372E28CB5D7E0075A692 /* Giphy_Search_ReactorKit */ = {
			isa = PBXGroup;
			children = (
				3393372F28CB5D7E0075A692 /* AppDelegate.swift */,
				3393373128CB5D7E0075A692 /* SceneDelegate.swift */,
				3377844C291A617100CE620C /* AppCoordinator.swift */,
				337784282914F6F500CE620C /* Scene */,
				3393374D28CB68610075A692 /* Domain */,
				337783DF2913F97D00CE620C /* Data */,
				3393373328CB5D7E0075A692 /* ViewController.swift */,
				3377843C2919516200CE620C /* Utility */,
				3393373828CB5D7F0075A692 /* Assets.xcassets */,
				3393373D28CB5D7F0075A692 /* Info.plist */,
				337784472919FF7600CE620C /* Resources */,
			);
			path = Giphy_Search_ReactorKit;
			sourceTree = "<group>";
		};
		3393374D28CB68610075A692 /* Domain */ = {
			isa = PBXGroup;
			children = (
				337783BC2913F87000CE620C /* Model */,
				337783C42913F87000CE620C /* RepositoryInterface */,
				337783B72913F86F00CE620C /* UseCase */,
			);
			path = Domain;
			sourceTree = "<group>";
		};
		6DEFAA21929A6B339CAF0231 /* Frameworks */ = {
			isa = PBXGroup;
			children = (
				7545B1E7275F99B6D3AC0910 /* Pods_Giphy_Search_ReactorKit.framework */,
			);
			name = Frameworks;
			sourceTree = "<group>";
		};
/* End PBXGroup section */

/* Begin PBXNativeTarget section */
		3393372B28CB5D7E0075A692 /* Giphy_Search_ReactorKit */ = {
			isa = PBXNativeTarget;
			buildConfigurationList = 3393374028CB5D7F0075A692 /* Build configuration list for PBXNativeTarget "Giphy_Search_ReactorKit" */;
			buildPhases = (
				739CEA5373BC4B7DD42F1000 /* [CP] Check Pods Manifest.lock */,
				3393372828CB5D7E0075A692 /* Sources */,
				3393372928CB5D7E0075A692 /* Frameworks */,
				3393372A28CB5D7E0075A692 /* Resources */,
				E830407D339148FA80DEAF85 /* [CP] Embed Pods Frameworks */,
			);
			buildRules = (
			);
			dependencies = (
			);
			name = Giphy_Search_ReactorKit;
			productName = Giphy_Search_ReactorKit;
			productReference = 3393372C28CB5D7E0075A692 /* Giphy_Search_ReactorKit.app */;
			productType = "com.apple.product-type.application";
		};
/* End PBXNativeTarget section */

/* Begin PBXProject section */
		3393372428CB5D7E0075A692 /* Project object */ = {
			isa = PBXProject;
			attributes = {
				BuildIndependentTargetsInParallel = 1;
				LastSwiftUpdateCheck = 1320;
				LastUpgradeCheck = 1320;
				TargetAttributes = {
					3393372B28CB5D7E0075A692 = {
						CreatedOnToolsVersion = 13.2.1;
					};
				};
			};
			buildConfigurationList = 3393372728CB5D7E0075A692 /* Build configuration list for PBXProject "Giphy_Search_ReactorKit" */;
			compatibilityVersion = "Xcode 13.0";
			developmentRegion = en;
			hasScannedForEncodings = 0;
			knownRegions = (
				en,
				Base,
			);
			mainGroup = 3393372328CB5D7E0075A692;
			productRefGroup = 3393372D28CB5D7E0075A692 /* Products */;
			projectDirPath = "";
			projectRoot = "";
			targets = (
				3393372B28CB5D7E0075A692 /* Giphy_Search_ReactorKit */,
			);
		};
/* End PBXProject section */

/* Begin PBXResourcesBuildPhase section */
		3393372A28CB5D7E0075A692 /* Resources */ = {
			isa = PBXResourcesBuildPhase;
			buildActionMask = 2147483647;
			files = (
				3393373928CB5D7F0075A692 /* Assets.xcassets in Resources */,
				3377844A2919FF7600CE620C /* Colors.xcassets in Resources */,
			);
			runOnlyForDeploymentPostprocessing = 0;
		};
/* End PBXResourcesBuildPhase section */

/* Begin PBXShellScriptBuildPhase section */
		739CEA5373BC4B7DD42F1000 /* [CP] Check Pods Manifest.lock */ = {
			isa = PBXShellScriptBuildPhase;
			buildActionMask = 2147483647;
			files = (
			);
			inputFileListPaths = (
			);
			inputPaths = (
				"${PODS_PODFILE_DIR_PATH}/Podfile.lock",
				"${PODS_ROOT}/Manifest.lock",
			);
			name = "[CP] Check Pods Manifest.lock";
			outputFileListPaths = (
			);
			outputPaths = (
				"$(DERIVED_FILE_DIR)/Pods-Giphy_Search_ReactorKit-checkManifestLockResult.txt",
			);
			runOnlyForDeploymentPostprocessing = 0;
			shellPath = /bin/sh;
			shellScript = "diff \"${PODS_PODFILE_DIR_PATH}/Podfile.lock\" \"${PODS_ROOT}/Manifest.lock\" > /dev/null\nif [ $? != 0 ] ; then\n    # print error to STDERR\n    echo \"error: The sandbox is not in sync with the Podfile.lock. Run 'pod install' or update your CocoaPods installation.\" >&2\n    exit 1\nfi\n# This output is used by Xcode 'outputs' to avoid re-running this script phase.\necho \"SUCCESS\" > \"${SCRIPT_OUTPUT_FILE_0}\"\n";
			showEnvVarsInLog = 0;
		};
		E830407D339148FA80DEAF85 /* [CP] Embed Pods Frameworks */ = {
			isa = PBXShellScriptBuildPhase;
			buildActionMask = 2147483647;
			files = (
			);
			inputFileListPaths = (
				"${PODS_ROOT}/Target Support Files/Pods-Giphy_Search_ReactorKit/Pods-Giphy_Search_ReactorKit-frameworks-${CONFIGURATION}-input-files.xcfilelist",
			);
			name = "[CP] Embed Pods Frameworks";
			outputFileListPaths = (
				"${PODS_ROOT}/Target Support Files/Pods-Giphy_Search_ReactorKit/Pods-Giphy_Search_ReactorKit-frameworks-${CONFIGURATION}-output-files.xcfilelist",
			);
			runOnlyForDeploymentPostprocessing = 0;
			shellPath = /bin/sh;
			shellScript = "\"${PODS_ROOT}/Target Support Files/Pods-Giphy_Search_ReactorKit/Pods-Giphy_Search_ReactorKit-frameworks.sh\"\n";
			showEnvVarsInLog = 0;
		};
/* End PBXShellScriptBuildPhase section */

/* Begin PBXSourcesBuildPhase section */
		3393372828CB5D7E0075A692 /* Sources */ = {
			isa = PBXSourcesBuildPhase;
			buildActionMask = 2147483647;
			files = (
				337784272913FBC800CE620C /* CoreDataModel.xcdatamodeld in Sources */,
				3377841D2913F99B00CE620C /* Query+CoreDataProperties.swift in Sources */,
				337784132913F99B00CE620C /* DefaultNetworkProvider+Rx.swift in Sources */,
				3377840A2913F99B00CE620C /* DefaultGIFRepository.swift in Sources */,
				337783D92913F87000CE620C /* GIFRepository.swift in Sources */,
				3393373428CB5D7E0075A692 /* ViewController.swift in Sources */,
				3377841A2913F99B00CE620C /* FavoriteStorage.swift in Sources */,
				3377840F2913F99B00CE620C /* DefaultNetworkProvider.swift in Sources */,
				337784192913F99B00CE620C /* CoreDataFavoriteStorage.swift in Sources */,
				3377843429188ECA00CE620C /* PlayerView.swift in Sources */,
				337784142913F99B00CE620C /* APIEndpoint.swift in Sources */,
				337784152913F99B00CE620C /* NetworkError.swift in Sources */,
				3377843529188ECA00CE620C /* TitleHeaderView.swift in Sources */,
				337784112913F99B00CE620C /* NetworkProvider.swift in Sources */,
				3393373028CB5D7E0075A692 /* AppDelegate.swift in Sources */,
				337784442919DD6400CE620C /* SearchResultViewController.swift in Sources */,
				337784202913F99B00CE620C /* CoreDataQueryHistoryStorage.swift in Sources */,
				3377843929188FF900CE620C /* GIFItemReactor.swift in Sources */,
				337783D02913F87000CE620C /* GIFSearchUseCase.swift in Sources */,
				3377840C2913F99B00CE620C /* GIFSearchResponseDTO.swift in Sources */,
				337783CF2913F87000CE620C /* QueryHistoryUseCase.swift in Sources */,
				3393373228CB5D7E0075A692 /* SceneDelegate.swift in Sources */,
				3377843029188DF900CE620C /* SearchReactor.swift in Sources */,
				337784092913F99B00CE620C /* DefaultQueryHistoryRepository.swift in Sources */,
				337783D42913F87000CE620C /* GIFType.swift in Sources */,
				337784462919DECE00CE620C /* GIFItemCell.swift in Sources */,
				337783DB2913F87000CE620C /* FavoriteGIFRepository.swift in Sources */,
				3377842C29154F3300CE620C /* SearchViewController.swift in Sources */,
				3377844D291A617100CE620C /* AppCoordinator.swift in Sources */,
				337783D32913F87000CE620C /* User.swift in Sources */,
				337783CE2913F87000CE620C /* FavoriteGIFUseCase.swift in Sources */,
				337784402919516200CE620C /* UIFont+Extension.swift in Sources */,
				3377844F291A87CF00CE620C /* SearchQueryHistoryCell.swift in Sources */,
				337784102913F99B00CE620C /* HTTPMethod.swift in Sources */,
				3377840E2913F99B00CE620C /* GiphyAPIEndpoint.swift in Sources */,
				3377841B2913F99B00CE620C /* Favorite+CoreDataProperties.swift in Sources */,
				3377843B2918904F00CE620C /* SearchCoordinator.swift in Sources */,
				337784082913F99B00CE620C /* DefaultFavoriteGIFRepository.swift in Sources */,
				337784412919516200CE620C /* UIColor+Extension.swift in Sources */,
				337784212913F99B00CE620C /* QueryHistoryStorage.swift in Sources */,
				3377844B2919FF7600CE620C /* Color.swift in Sources */,
				337784122913F99B00CE620C /* Cancellable.swift in Sources */,
				3377840B2913F99B00CE620C /* GIFSearchResponseDTO+Mapping.swift in Sources */,
				337783D52913F87000CE620C /* GIFBundle.swift in Sources */,
				3377842E29188AD800CE620C /* Coordinator.swift in Sources */,
				337784422919516200CE620C /* MediaManager.swift in Sources */,
				337783D22913F87000CE620C /* GIF.swift in Sources */,
				3377841E2913F99B00CE620C /* Query+CoreDataClass.swift in Sources */,
				3377841C2913F99B00CE620C /* Favorite+CoreDataClass.swift in Sources */,
				337783DA2913F87000CE620C /* QueryHistoryRepository.swift in Sources */,
				3377840D2913F99B00CE620C /* GIFSearchEndpoint.swift in Sources */,
				337784162913F99B00CE620C /* CoreDataError.swift in Sources */,
				337784182913F99B00CE620C /* CoreDataProvider.swift in Sources */,
			);
			runOnlyForDeploymentPostprocessing = 0;
		};
/* End PBXSourcesBuildPhase section */

/* Begin XCBuildConfiguration section */
		3393373E28CB5D7F0075A692 /* Debug */ = {
			isa = XCBuildConfiguration;
			buildSettings = {
				ALWAYS_SEARCH_USER_PATHS = NO;
				CLANG_ANALYZER_NONNULL = YES;
				CLANG_ANALYZER_NUMBER_OBJECT_CONVERSION = YES_AGGRESSIVE;
				CLANG_CXX_LANGUAGE_STANDARD = "gnu++17";
				CLANG_CXX_LIBRARY = "libc++";
				CLANG_ENABLE_MODULES = YES;
				CLANG_ENABLE_OBJC_ARC = YES;
				CLANG_ENABLE_OBJC_WEAK = YES;
				CLANG_WARN_BLOCK_CAPTURE_AUTORELEASING = YES;
				CLANG_WARN_BOOL_CONVERSION = YES;
				CLANG_WARN_COMMA = YES;
				CLANG_WARN_CONSTANT_CONVERSION = YES;
				CLANG_WARN_DEPRECATED_OBJC_IMPLEMENTATIONS = YES;
				CLANG_WARN_DIRECT_OBJC_ISA_USAGE = YES_ERROR;
				CLANG_WARN_DOCUMENTATION_COMMENTS = YES;
				CLANG_WARN_EMPTY_BODY = YES;
				CLANG_WARN_ENUM_CONVERSION = YES;
				CLANG_WARN_INFINITE_RECURSION = YES;
				CLANG_WARN_INT_CONVERSION = YES;
				CLANG_WARN_NON_LITERAL_NULL_CONVERSION = YES;
				CLANG_WARN_OBJC_IMPLICIT_RETAIN_SELF = YES;
				CLANG_WARN_OBJC_LITERAL_CONVERSION = YES;
				CLANG_WARN_OBJC_ROOT_CLASS = YES_ERROR;
				CLANG_WARN_QUOTED_INCLUDE_IN_FRAMEWORK_HEADER = YES;
				CLANG_WARN_RANGE_LOOP_ANALYSIS = YES;
				CLANG_WARN_STRICT_PROTOTYPES = YES;
				CLANG_WARN_SUSPICIOUS_MOVE = YES;
				CLANG_WARN_UNGUARDED_AVAILABILITY = YES_AGGRESSIVE;
				CLANG_WARN_UNREACHABLE_CODE = YES;
				CLANG_WARN__DUPLICATE_METHOD_MATCH = YES;
				COPY_PHASE_STRIP = NO;
				DEBUG_INFORMATION_FORMAT = dwarf;
				ENABLE_STRICT_OBJC_MSGSEND = YES;
				ENABLE_TESTABILITY = YES;
				GCC_C_LANGUAGE_STANDARD = gnu11;
				GCC_DYNAMIC_NO_PIC = NO;
				GCC_NO_COMMON_BLOCKS = YES;
				GCC_OPTIMIZATION_LEVEL = 0;
				GCC_PREPROCESSOR_DEFINITIONS = (
					"DEBUG=1",
					"$(inherited)",
				);
				GCC_WARN_64_TO_32_BIT_CONVERSION = YES;
				GCC_WARN_ABOUT_RETURN_TYPE = YES_ERROR;
				GCC_WARN_UNDECLARED_SELECTOR = YES;
				GCC_WARN_UNINITIALIZED_AUTOS = YES_AGGRESSIVE;
				GCC_WARN_UNUSED_FUNCTION = YES;
				GCC_WARN_UNUSED_VARIABLE = YES;
				IPHONEOS_DEPLOYMENT_TARGET = 13.0;
				MTL_ENABLE_DEBUG_INFO = INCLUDE_SOURCE;
				MTL_FAST_MATH = YES;
				ONLY_ACTIVE_ARCH = YES;
				SDKROOT = iphoneos;
				SWIFT_ACTIVE_COMPILATION_CONDITIONS = DEBUG;
				SWIFT_OPTIMIZATION_LEVEL = "-Onone";
			};
			name = Debug;
		};
		3393373F28CB5D7F0075A692 /* Release */ = {
			isa = XCBuildConfiguration;
			buildSettings = {
				ALWAYS_SEARCH_USER_PATHS = NO;
				CLANG_ANALYZER_NONNULL = YES;
				CLANG_ANALYZER_NUMBER_OBJECT_CONVERSION = YES_AGGRESSIVE;
				CLANG_CXX_LANGUAGE_STANDARD = "gnu++17";
				CLANG_CXX_LIBRARY = "libc++";
				CLANG_ENABLE_MODULES = YES;
				CLANG_ENABLE_OBJC_ARC = YES;
				CLANG_ENABLE_OBJC_WEAK = YES;
				CLANG_WARN_BLOCK_CAPTURE_AUTORELEASING = YES;
				CLANG_WARN_BOOL_CONVERSION = YES;
				CLANG_WARN_COMMA = YES;
				CLANG_WARN_CONSTANT_CONVERSION = YES;
				CLANG_WARN_DEPRECATED_OBJC_IMPLEMENTATIONS = YES;
				CLANG_WARN_DIRECT_OBJC_ISA_USAGE = YES_ERROR;
				CLANG_WARN_DOCUMENTATION_COMMENTS = YES;
				CLANG_WARN_EMPTY_BODY = YES;
				CLANG_WARN_ENUM_CONVERSION = YES;
				CLANG_WARN_INFINITE_RECURSION = YES;
				CLANG_WARN_INT_CONVERSION = YES;
				CLANG_WARN_NON_LITERAL_NULL_CONVERSION = YES;
				CLANG_WARN_OBJC_IMPLICIT_RETAIN_SELF = YES;
				CLANG_WARN_OBJC_LITERAL_CONVERSION = YES;
				CLANG_WARN_OBJC_ROOT_CLASS = YES_ERROR;
				CLANG_WARN_QUOTED_INCLUDE_IN_FRAMEWORK_HEADER = YES;
				CLANG_WARN_RANGE_LOOP_ANALYSIS = YES;
				CLANG_WARN_STRICT_PROTOTYPES = YES;
				CLANG_WARN_SUSPICIOUS_MOVE = YES;
				CLANG_WARN_UNGUARDED_AVAILABILITY = YES_AGGRESSIVE;
				CLANG_WARN_UNREACHABLE_CODE = YES;
				CLANG_WARN__DUPLICATE_METHOD_MATCH = YES;
				COPY_PHASE_STRIP = NO;
				DEBUG_INFORMATION_FORMAT = "dwarf-with-dsym";
				ENABLE_NS_ASSERTIONS = NO;
				ENABLE_STRICT_OBJC_MSGSEND = YES;
				GCC_C_LANGUAGE_STANDARD = gnu11;
				GCC_NO_COMMON_BLOCKS = YES;
				GCC_WARN_64_TO_32_BIT_CONVERSION = YES;
				GCC_WARN_ABOUT_RETURN_TYPE = YES_ERROR;
				GCC_WARN_UNDECLARED_SELECTOR = YES;
				GCC_WARN_UNINITIALIZED_AUTOS = YES_AGGRESSIVE;
				GCC_WARN_UNUSED_FUNCTION = YES;
				GCC_WARN_UNUSED_VARIABLE = YES;
				IPHONEOS_DEPLOYMENT_TARGET = 13.0;
				MTL_ENABLE_DEBUG_INFO = NO;
				MTL_FAST_MATH = YES;
				SDKROOT = iphoneos;
				SWIFT_COMPILATION_MODE = wholemodule;
				SWIFT_OPTIMIZATION_LEVEL = "-O";
				VALIDATE_PRODUCT = YES;
			};
			name = Release;
		};
		3393374128CB5D7F0075A692 /* Debug */ = {
			isa = XCBuildConfiguration;
			baseConfigurationReference = 39D6E3D76429D251721AE6DE /* Pods-Giphy_Search_ReactorKit.debug.xcconfig */;
			buildSettings = {
				ASSETCATALOG_COMPILER_APPICON_NAME = AppIcon;
				ASSETCATALOG_COMPILER_GLOBAL_ACCENT_COLOR_NAME = AccentColor;
				CODE_SIGN_STYLE = Automatic;
				CURRENT_PROJECT_VERSION = 1;
				DEVELOPMENT_TEAM = TLS95R65C2;
				GENERATE_INFOPLIST_FILE = YES;
				INFOPLIST_FILE = Giphy_Search_ReactorKit/Info.plist;
				INFOPLIST_KEY_UIApplicationSupportsIndirectInputEvents = YES;
				INFOPLIST_KEY_UILaunchStoryboardName = LaunchScreen;
				INFOPLIST_KEY_UISupportedInterfaceOrientations_iPad = "UIInterfaceOrientationPortrait UIInterfaceOrientationPortraitUpsideDown UIInterfaceOrientationLandscapeLeft UIInterfaceOrientationLandscapeRight";
				INFOPLIST_KEY_UISupportedInterfaceOrientations_iPhone = "UIInterfaceOrientationPortrait UIInterfaceOrientationLandscapeLeft UIInterfaceOrientationLandscapeRight";
				LD_RUNPATH_SEARCH_PATHS = (
					"$(inherited)",
					"@executable_path/Frameworks",
				);
				MARKETING_VERSION = 1.0;
				PRODUCT_BUNDLE_IDENTIFIER = "net.forestjae.Giphy-Search-ReactorKit";
				PRODUCT_NAME = "$(TARGET_NAME)";
				SWIFT_EMIT_LOC_STRINGS = YES;
				SWIFT_VERSION = 5.0;
				TARGETED_DEVICE_FAMILY = "1,2";
			};
			name = Debug;
		};
		3393374228CB5D7F0075A692 /* Release */ = {
			isa = XCBuildConfiguration;
			baseConfigurationReference = F0A4178F163428792525CF34 /* Pods-Giphy_Search_ReactorKit.release.xcconfig */;
			buildSettings = {
				ASSETCATALOG_COMPILER_APPICON_NAME = AppIcon;
				ASSETCATALOG_COMPILER_GLOBAL_ACCENT_COLOR_NAME = AccentColor;
				CODE_SIGN_STYLE = Automatic;
				CURRENT_PROJECT_VERSION = 1;
				DEVELOPMENT_TEAM = TLS95R65C2;
				GENERATE_INFOPLIST_FILE = YES;
				INFOPLIST_FILE = Giphy_Search_ReactorKit/Info.plist;
				INFOPLIST_KEY_UIApplicationSupportsIndirectInputEvents = YES;
				INFOPLIST_KEY_UILaunchStoryboardName = LaunchScreen;
				INFOPLIST_KEY_UISupportedInterfaceOrientations_iPad = "UIInterfaceOrientationPortrait UIInterfaceOrientationPortraitUpsideDown UIInterfaceOrientationLandscapeLeft UIInterfaceOrientationLandscapeRight";
				INFOPLIST_KEY_UISupportedInterfaceOrientations_iPhone = "UIInterfaceOrientationPortrait UIInterfaceOrientationLandscapeLeft UIInterfaceOrientationLandscapeRight";
				LD_RUNPATH_SEARCH_PATHS = (
					"$(inherited)",
					"@executable_path/Frameworks",
				);
				MARKETING_VERSION = 1.0;
				PRODUCT_BUNDLE_IDENTIFIER = "net.forestjae.Giphy-Search-ReactorKit";
				PRODUCT_NAME = "$(TARGET_NAME)";
				SWIFT_EMIT_LOC_STRINGS = YES;
				SWIFT_VERSION = 5.0;
				TARGETED_DEVICE_FAMILY = "1,2";
			};
			name = Release;
		};
/* End XCBuildConfiguration section */

/* Begin XCConfigurationList section */
		3393372728CB5D7E0075A692 /* Build configuration list for PBXProject "Giphy_Search_ReactorKit" */ = {
			isa = XCConfigurationList;
			buildConfigurations = (
				3393373E28CB5D7F0075A692 /* Debug */,
				3393373F28CB5D7F0075A692 /* Release */,
			);
			defaultConfigurationIsVisible = 0;
			defaultConfigurationName = Release;
		};
		3393374028CB5D7F0075A692 /* Build configuration list for PBXNativeTarget "Giphy_Search_ReactorKit" */ = {
			isa = XCConfigurationList;
			buildConfigurations = (
				3393374128CB5D7F0075A692 /* Debug */,
				3393374228CB5D7F0075A692 /* Release */,
			);
			defaultConfigurationIsVisible = 0;
			defaultConfigurationName = Release;
		};
/* End XCConfigurationList section */

/* Begin XCVersionGroup section */
		337784252913FBC800CE620C /* CoreDataModel.xcdatamodeld */ = {
			isa = XCVersionGroup;
			children = (
				337784262913FBC800CE620C /* CoreDataModel.xcdatamodel */,
			);
			currentVersion = 337784262913FBC800CE620C /* CoreDataModel.xcdatamodel */;
			path = CoreDataModel.xcdatamodeld;
			sourceTree = "<group>";
			versionGroupType = wrapper.xcdatamodel;
		};
/* End XCVersionGroup section */
	};
	rootObject = 3393372428CB5D7E0075A692 /* Project object */;
}
